
Microsoft Visual Studio Solution File, Format Version 12.00
# Visual Studio 2013
VisualStudioVersion = 12.0.30723.0
MinimumVisualStudioVersion = 10.0.40219.1
Project("{8BC9CEB8-8B4A-11D0-8D11-00A0C91BC942}") = "Stack with dynamic array", "Stack with dynamic array\Stack with dynamic array.vcxproj", "{79D888E8-DD62-4772-8643-B8E15375151D}"
EndProject
Project("{8BC9CEB8-8B4A-11D0-8D11-00A0C91BC942}") = "Stack with one link", "Stack with one link\Stack with one link.vcxproj", "{6BF4CC15-C817-4C2B-96C6-23A7C1E10AE1}"
EndProject
Project("{8BC9CEB8-8B4A-11D0-8D11-00A0C91BC942}") = "Pyramid", "Pyramid\Pyramid.vcxproj", "{15DD755E-9ABB-412F-A7A0-6F0517E73EF3}"
EndProject
Project("{8BC9CEB8-8B4A-11D0-8D11-00A0C91BC942}") = "Homework one", "Homework one\Homework one.vcxproj", "{7DC63DE8-D63E-4EE0-9B85-7051E335E1DD}"
EndProject
Project("{8BC9CEB8-8B4A-11D0-8D11-00A0C91BC942}") = "Tail with dynamic array", "Tail with dynamic array\Tail with dynamic array.vcxproj", "{EEE58863-F83C-45AD-ABA1-82C55EA2691D}"
EndProject
Project("{8BC9CEB8-8B4A-11D0-8D11-00A0C91BC942}") = "Testing", "Testing\Testing.vcxproj", "{181DB09C-0B8F-49ED-AF6E-A90DE01876D8}"
EndProject
Project("{8BC9CEB8-8B4A-11D0-8D11-00A0C91BC942}") = "Double linked list", "Double linked list\Double linked list.vcxproj", "{E6DBC0C9-FE33-4165-965D-F566A9B64113}"
EndProject
Project("{8BC9CEB8-8B4A-11D0-8D11-00A0C91BC942}") = "Queue with one link", "Queue with one link\Queue with one link.vcxproj", "{971EAA30-13FE-410E-839B-62766A6E37A0}"
EndProject
Project("{8BC9CEB8-8B4A-11D0-8D11-00A0C91BC942}") = "Homework two", "Homework two\Homework two.vcxproj", "{99A22D2E-E4AC-4928-9A47-8E1B64AA4923}"
EndProject
Project("{8BC9CEB8-8B4A-11D0-8D11-00A0C91BC942}") = "Homework three", "Homework three\Homework three.vcxproj", "{FBCA5F66-DA1D-4D1D-99E8-4638A4713A61}"
EndProject
Project("{8BC9CEB8-8B4A-11D0-8D11-00A0C91BC942}") = "Math expression with tree", "Math expression with tree\Math expression with tree.vcxproj", "{E227CDA0-3DC6-4CA7-8EA7-30818FD1318A}"
EndProject
Project("{8BC9CEB8-8B4A-11D0-8D11-00A0C91BC942}") = "Homework four", "Homework four\Homework four.vcxproj", "{6E104E8D-7C37-475B-A6B3-BA733C348411}"
EndProject
Project("{8BC9CEB8-8B4A-11D0-8D11-00A0C91BC942}") = "Homework five", "Homework five\Homework five.vcxproj", "{1681478B-AC87-44AE-9675-98EF3C0B4ED1}"
EndProject
Project("{8BC9CEB8-8B4A-11D0-8D11-00A0C91BC942}") = "Script IIS", "Script IIS\Script IIS.vcxproj", "{3492C88D-0BC3-451D-9AD3-A5C801288928}"
EndProject
Global
	GlobalSection(SolutionConfigurationPlatforms) = preSolution
		Debug|Any CPU = Debug|Any CPU
		Debug|Mixed Platforms = Debug|Mixed Platforms
		Debug|Win32 = Debug|Win32
		Release|Any CPU = Release|Any CPU
		Release|Mixed Platforms = Release|Mixed Platforms
		Release|Win32 = Release|Win32
	EndGlobalSection
	GlobalSection(ProjectConfigurationPlatforms) = postSolution
		{79D888E8-DD62-4772-8643-B8E15375151D}.Debug|Any CPU.ActiveCfg = Debug|Win32
		{79D888E8-DD62-4772-8643-B8E15375151D}.Debug|Mixed Platforms.ActiveCfg = Debug|Win32
		{79D888E8-DD62-4772-8643-B8E15375151D}.Debug|Mixed Platforms.Build.0 = Debug|Win32
		{79D888E8-DD62-4772-8643-B8E15375151D}.Debug|Win32.ActiveCfg = Debug|Win32
		{79D888E8-DD62-4772-8643-B8E15375151D}.Debug|Win32.Build.0 = Debug|Win32
		{79D888E8-DD62-4772-8643-B8E15375151D}.Release|Any CPU.ActiveCfg = Release|Win32
		{79D888E8-DD62-4772-8643-B8E15375151D}.Release|Mixed Platforms.ActiveCfg = Release|Win32
		{79D888E8-DD62-4772-8643-B8E15375151D}.Release|Mixed Platforms.Build.0 = Release|Win32
		{79D888E8-DD62-4772-8643-B8E15375151D}.Release|Win32.ActiveCfg = Release|Win32
		{79D888E8-DD62-4772-8643-B8E15375151D}.Release|Win32.Build.0 = Release|Win32
		{6BF4CC15-C817-4C2B-96C6-23A7C1E10AE1}.Debug|Any CPU.ActiveCfg = Debug|Win32
		{6BF4CC15-C817-4C2B-96C6-23A7C1E10AE1}.Debug|Mixed Platforms.ActiveCfg = Debug|Win32
		{6BF4CC15-C817-4C2B-96C6-23A7C1E10AE1}.Debug|Mixed Platforms.Build.0 = Debug|Win32
		{6BF4CC15-C817-4C2B-96C6-23A7C1E10AE1}.Debug|Win32.ActiveCfg = Debug|Win32
		{6BF4CC15-C817-4C2B-96C6-23A7C1E10AE1}.Debug|Win32.Build.0 = Debug|Win32
		{6BF4CC15-C817-4C2B-96C6-23A7C1E10AE1}.Release|Any CPU.ActiveCfg = Release|Win32
		{6BF4CC15-C817-4C2B-96C6-23A7C1E10AE1}.Release|Mixed Platforms.ActiveCfg = Release|Win32
		{6BF4CC15-C817-4C2B-96C6-23A7C1E10AE1}.Release|Mixed Platforms.Build.0 = Release|Win32
		{6BF4CC15-C817-4C2B-96C6-23A7C1E10AE1}.Release|Win32.ActiveCfg = Release|Win32
		{6BF4CC15-C817-4C2B-96C6-23A7C1E10AE1}.Release|Win32.Build.0 = Release|Win32
		{15DD755E-9ABB-412F-A7A0-6F0517E73EF3}.Debug|Any CPU.ActiveCfg = Debug|Win32
		{15DD755E-9ABB-412F-A7A0-6F0517E73EF3}.Debug|Mixed Platforms.ActiveCfg = Debug|Win32
		{15DD755E-9ABB-412F-A7A0-6F0517E73EF3}.Debug|Mixed Platforms.Build.0 = Debug|Win32
		{15DD755E-9ABB-412F-A7A0-6F0517E73EF3}.Debug|Win32.ActiveCfg = Debug|Win32
		{15DD755E-9ABB-412F-A7A0-6F0517E73EF3}.Debug|Win32.Build.0 = Debug|Win32
		{15DD755E-9ABB-412F-A7A0-6F0517E73EF3}.Release|Any CPU.ActiveCfg = Release|Win32
		{15DD755E-9ABB-412F-A7A0-6F0517E73EF3}.Release|Mixed Platforms.ActiveCfg = Release|Win32
		{15DD755E-9ABB-412F-A7A0-6F0517E73EF3}.Release|Mixed Platforms.Build.0 = Release|Win32
		{15DD755E-9ABB-412F-A7A0-6F0517E73EF3}.Release|Win32.ActiveCfg = Release|Win32
		{15DD755E-9ABB-412F-A7A0-6F0517E73EF3}.Release|Win32.Build.0 = Release|Win32
		{7DC63DE8-D63E-4EE0-9B85-7051E335E1DD}.Debug|Any CPU.ActiveCfg = Debug|Win32
		{7DC63DE8-D63E-4EE0-9B85-7051E335E1DD}.Debug|Mixed Platforms.ActiveCfg = Debug|Win32
		{7DC63DE8-D63E-4EE0-9B85-7051E335E1DD}.Debug|Mixed Platforms.Build.0 = Debug|Win32
		{7DC63DE8-D63E-4EE0-9B85-7051E335E1DD}.Debug|Win32.ActiveCfg = Debug|Win32
		{7DC63DE8-D63E-4EE0-9B85-7051E335E1DD}.Debug|Win32.Build.0 = Debug|Win32
		{7DC63DE8-D63E-4EE0-9B85-7051E335E1DD}.Release|Any CPU.ActiveCfg = Release|Win32
		{7DC63DE8-D63E-4EE0-9B85-7051E335E1DD}.Release|Mixed Platforms.ActiveCfg = Release|Win32
		{7DC63DE8-D63E-4EE0-9B85-7051E335E1DD}.Release|Mixed Platforms.Build.0 = Release|Win32
		{7DC63DE8-D63E-4EE0-9B85-7051E335E1DD}.Release|Win32.ActiveCfg = Release|Win32
		{7DC63DE8-D63E-4EE0-9B85-7051E335E1DD}.Release|Win32.Build.0 = Release|Win32
		{EEE58863-F83C-45AD-ABA1-82C55EA2691D}.Debug|Any CPU.ActiveCfg = Debug|Win32
		{EEE58863-F83C-45AD-ABA1-82C55EA2691D}.Debug|Mixed Platforms.ActiveCfg = Debug|Win32
		{EEE58863-F83C-45AD-ABA1-82C55EA2691D}.Debug|Mixed Platforms.Build.0 = Debug|Win32
		{EEE58863-F83C-45AD-ABA1-82C55EA2691D}.Debug|Win32.ActiveCfg = Debug|Win32
		{EEE58863-F83C-45AD-ABA1-82C55EA2691D}.Debug|Win32.Build.0 = Debug|Win32
		{EEE58863-F83C-45AD-ABA1-82C55EA2691D}.Release|Any CPU.ActiveCfg = Release|Win32
		{EEE58863-F83C-45AD-ABA1-82C55EA2691D}.Release|Mixed Platforms.ActiveCfg = Release|Win32
		{EEE58863-F83C-45AD-ABA1-82C55EA2691D}.Release|Mixed Platforms.Build.0 = Release|Win32
		{EEE58863-F83C-45AD-ABA1-82C55EA2691D}.Release|Win32.ActiveCfg = Release|Win32
		{EEE58863-F83C-45AD-ABA1-82C55EA2691D}.Release|Win32.Build.0 = Release|Win32
		{181DB09C-0B8F-49ED-AF6E-A90DE01876D8}.Debug|Any CPU.ActiveCfg = Debug|Win32
		{181DB09C-0B8F-49ED-AF6E-A90DE01876D8}.Debug|Mixed Platforms.ActiveCfg = Debug|Win32
		{181DB09C-0B8F-49ED-AF6E-A90DE01876D8}.Debug|Mixed Platforms.Build.0 = Debug|Win32
		{181DB09C-0B8F-49ED-AF6E-A90DE01876D8}.Debug|Win32.ActiveCfg = Debug|Win32
		{181DB09C-0B8F-49ED-AF6E-A90DE01876D8}.Debug|Win32.Build.0 = Debug|Win32
		{181DB09C-0B8F-49ED-AF6E-A90DE01876D8}.Release|Any CPU.ActiveCfg = Release|Win32
		{181DB09C-0B8F-49ED-AF6E-A90DE01876D8}.Release|Mixed Platforms.ActiveCfg = Release|Win32
		{181DB09C-0B8F-49ED-AF6E-A90DE01876D8}.Release|Mixed Platforms.Build.0 = Release|Win32
		{181DB09C-0B8F-49ED-AF6E-A90DE01876D8}.Release|Win32.ActiveCfg = Release|Win32
		{181DB09C-0B8F-49ED-AF6E-A90DE01876D8}.Release|Win32.Build.0 = Release|Win32
		{E6DBC0C9-FE33-4165-965D-F566A9B64113}.Debug|Any CPU.ActiveCfg = Debug|Win32
		{E6DBC0C9-FE33-4165-965D-F566A9B64113}.Debug|Mixed Platforms.ActiveCfg = Debug|Win32
		{E6DBC0C9-FE33-4165-965D-F566A9B64113}.Debug|Mixed Platforms.Build.0 = Debug|Win32
		{E6DBC0C9-FE33-4165-965D-F566A9B64113}.Debug|Win32.ActiveCfg = Debug|Win32
		{E6DBC0C9-FE33-4165-965D-F566A9B64113}.Debug|Win32.Build.0 = Debug|Win32
		{E6DBC0C9-FE33-4165-965D-F566A9B64113}.Release|Any CPU.ActiveCfg = Release|Win32
		{E6DBC0C9-FE33-4165-965D-F566A9B64113}.Release|Mixed Platforms.ActiveCfg = Release|Win32
		{E6DBC0C9-FE33-4165-965D-F566A9B64113}.Release|Mixed Platforms.Build.0 = Release|Win32
		{E6DBC0C9-FE33-4165-965D-F566A9B64113}.Release|Win32.ActiveCfg = Release|Win32
		{E6DBC0C9-FE33-4165-965D-F566A9B64113}.Release|Win32.Build.0 = Release|Win32
		{971EAA30-13FE-410E-839B-62766A6E37A0}.Debug|Any CPU.ActiveCfg = Debug|Win32
		{971EAA30-13FE-410E-839B-62766A6E37A0}.Debug|Mixed Platforms.ActiveCfg = Debug|Win32
		{971EAA30-13FE-410E-839B-62766A6E37A0}.Debug|Mixed Platforms.Build.0 = Debug|Win32
		{971EAA30-13FE-410E-839B-62766A6E37A0}.Debug|Win32.ActiveCfg = Debug|Win32
		{971EAA30-13FE-410E-839B-62766A6E37A0}.Debug|Win32.Build.0 = Debug|Win32
		{971EAA30-13FE-410E-839B-62766A6E37A0}.Release|Any CPU.ActiveCfg = Release|Win32
		{971EAA30-13FE-410E-839B-62766A6E37A0}.Release|Mixed Platforms.ActiveCfg = Release|Win32
		{971EAA30-13FE-410E-839B-62766A6E37A0}.Release|Mixed Platforms.Build.0 = Release|Win32
		{971EAA30-13FE-410E-839B-62766A6E37A0}.Release|Win32.ActiveCfg = Release|Win32
		{971EAA30-13FE-410E-839B-62766A6E37A0}.Release|Win32.Build.0 = Release|Win32
		{99A22D2E-E4AC-4928-9A47-8E1B64AA4923}.Debug|Any CPU.ActiveCfg = Debug|Win32
		{99A22D2E-E4AC-4928-9A47-8E1B64AA4923}.Debug|Mixed Platforms.ActiveCfg = Debug|Win32
		{99A22D2E-E4AC-4928-9A47-8E1B64AA4923}.Debug|Mixed Platforms.Build.0 = Debug|Win32
		{99A22D2E-E4AC-4928-9A47-8E1B64AA4923}.Debug|Win32.ActiveCfg = Debug|Win32
		{99A22D2E-E4AC-4928-9A47-8E1B64AA4923}.Debug|Win32.Build.0 = Debug|Win32
		{99A22D2E-E4AC-4928-9A47-8E1B64AA4923}.Release|Any CPU.ActiveCfg = Release|Win32
		{99A22D2E-E4AC-4928-9A47-8E1B64AA4923}.Release|Mixed Platforms.ActiveCfg = Release|Win32
		{99A22D2E-E4AC-4928-9A47-8E1B64AA4923}.Release|Mixed Platforms.Build.0 = Release|Win32
		{99A22D2E-E4AC-4928-9A47-8E1B64AA4923}.Release|Win32.ActiveCfg = Release|Win32
		{99A22D2E-E4AC-4928-9A47-8E1B64AA4923}.Release|Win32.Build.0 = Release|Win32
		{FBCA5F66-DA1D-4D1D-99E8-4638A4713A61}.Debug|Any CPU.ActiveCfg = Debug|Win32
		{FBCA5F66-DA1D-4D1D-99E8-4638A4713A61}.Debug|Mixed Platforms.ActiveCfg = Debug|Win32
		{FBCA5F66-DA1D-4D1D-99E8-4638A4713A61}.Debug|Mixed Platforms.Build.0 = Debug|Win32
		{FBCA5F66-DA1D-4D1D-99E8-4638A4713A61}.Debug|Win32.ActiveCfg = Debug|Win32
		{FBCA5F66-DA1D-4D1D-99E8-4638A4713A61}.Debug|Win32.Build.0 = Debug|Win32
		{FBCA5F66-DA1D-4D1D-99E8-4638A4713A61}.Release|Any CPU.ActiveCfg = Release|Win32
		{FBCA5F66-DA1D-4D1D-99E8-4638A4713A61}.Release|Mixed Platforms.ActiveCfg = Release|Win32
		{FBCA5F66-DA1D-4D1D-99E8-4638A4713A61}.Release|Mixed Platforms.Build.0 = Release|Win32
		{FBCA5F66-DA1D-4D1D-99E8-4638A4713A61}.Release|Win32.ActiveCfg = Release|Win32
		{FBCA5F66-DA1D-4D1D-99E8-4638A4713A61}.Release|Win32.Build.0 = Release|Win32
		{E227CDA0-3DC6-4CA7-8EA7-30818FD1318A}.Debug|Any CPU.ActiveCfg = Debug|Win32
		{E227CDA0-3DC6-4CA7-8EA7-30818FD1318A}.Debug|Mixed Platforms.ActiveCfg = Debug|Win32
		{E227CDA0-3DC6-4CA7-8EA7-30818FD1318A}.Debug|Mixed Platforms.Build.0 = Debug|Win32
		{E227CDA0-3DC6-4CA7-8EA7-30818FD1318A}.Debug|Win32.ActiveCfg = Debug|Win32
		{E227CDA0-3DC6-4CA7-8EA7-30818FD1318A}.Debug|Win32.Build.0 = Debug|Win32
		{E227CDA0-3DC6-4CA7-8EA7-30818FD1318A}.Release|Any CPU.ActiveCfg = Release|Win32
		{E227CDA0-3DC6-4CA7-8EA7-30818FD1318A}.Release|Mixed Platforms.ActiveCfg = Release|Win32
		{E227CDA0-3DC6-4CA7-8EA7-30818FD1318A}.Release|Mixed Platforms.Build.0 = Release|Win32
		{E227CDA0-3DC6-4CA7-8EA7-30818FD1318A}.Release|Win32.ActiveCfg = Release|Win32
		{E227CDA0-3DC6-4CA7-8EA7-30818FD1318A}.Release|Win32.Build.0 = Release|Win32
		{6E104E8D-7C37-475B-A6B3-BA733C348411}.Debug|Any CPU.ActiveCfg = Debug|Win32
		{6E104E8D-7C37-475B-A6B3-BA733C348411}.Debug|Mixed Platforms.ActiveCfg = Debug|Win32
		{6E104E8D-7C37-475B-A6B3-BA733C348411}.Debug|Mixed Platforms.Build.0 = Debug|Win32
		{6E104E8D-7C37-475B-A6B3-BA733C348411}.Debug|Win32.ActiveCfg = Debug|Win32
		{6E104E8D-7C37-475B-A6B3-BA733C348411}.Debug|Win32.Build.0 = Debug|Win32
		{6E104E8D-7C37-475B-A6B3-BA733C348411}.Release|Any CPU.ActiveCfg = Release|Win32
		{6E104E8D-7C37-475B-A6B3-BA733C348411}.Release|Mixed Platforms.ActiveCfg = Release|Win32
		{6E104E8D-7C37-475B-A6B3-BA733C348411}.Release|Mixed Platforms.Build.0 = Release|Win32
		{6E104E8D-7C37-475B-A6B3-BA733C348411}.Release|Win32.ActiveCfg = Release|Win32
		{6E104E8D-7C37-475B-A6B3-BA733C348411}.Release|Win32.Build.0 = Release|Win32
		{1681478B-AC87-44AE-9675-98EF3C0B4ED1}.Debug|Any CPU.ActiveCfg = Debug|Win32
		{1681478B-AC87-44AE-9675-98EF3C0B4ED1}.Debug|Mixed Platforms.ActiveCfg = Debug|Win32
		{1681478B-AC87-44AE-9675-98EF3C0B4ED1}.Debug|Mixed Platforms.Build.0 = Debug|Win32
		{1681478B-AC87-44AE-9675-98EF3C0B4ED1}.Debug|Win32.ActiveCfg = Debug|Win32
		{1681478B-AC87-44AE-9675-98EF3C0B4ED1}.Debug|Win32.Build.0 = Debug|Win32
		{1681478B-AC87-44AE-9675-98EF3C0B4ED1}.Release|Any CPU.ActiveCfg = Release|Win32
		{1681478B-AC87-44AE-9675-98EF3C0B4ED1}.Release|Mixed Platforms.ActiveCfg = Release|Win32
		{1681478B-AC87-44AE-9675-98EF3C0B4ED1}.Release|Mixed Platforms.Build.0 = Release|Win32
		{1681478B-AC87-44AE-9675-98EF3C0B4ED1}.Release|Win32.ActiveCfg = Release|Win32
		{1681478B-AC87-44AE-9675-98EF3C0B4ED1}.Release|Win32.Build.0 = Release|Win32
		{3492C88D-0BC3-451D-9AD3-A5C801288928}.Debug|Any CPU.ActiveCfg = Debug|Win32
		{3492C88D-0BC3-451D-9AD3-A5C801288928}.Debug|Mixed Platforms.ActiveCfg = Debug|Win32
		{3492C88D-0BC3-451D-9AD3-A5C801288928}.Debug|Mixed Platforms.Build.0 = Debug|Win32
		{3492C88D-0BC3-451D-9AD3-A5C801288928}.Debug|Win32.ActiveCfg = Debug|Win32
		{3492C88D-0BC3-451D-9AD3-A5C801288928}.Debug|Win32.Build.0 = Debug|Win32
		{3492C88D-0BC3-451D-9AD3-A5C801288928}.Release|Any CPU.ActiveCfg = Release|Win32
		{3492C88D-0BC3-451D-9AD3-A5C801288928}.Release|Mixed Platforms.ActiveCfg = Release|Win32
		{3492C88D-0BC3-451D-9AD3-A5C801288928}.Release|Mixed Platforms.Build.0 = Release|Win32
		{3492C88D-0BC3-451D-9AD3-A5C801288928}.Release|Win32.ActiveCfg = Release|Win32
		{3492C88D-0BC3-451D-9AD3-A5C801288928}.Release|Win32.Build.0 = Release|Win32
	EndGlobalSection
	GlobalSection(SolutionProperties) = preSolution
		HideSolutionNode = FALSE
	EndGlobalSection
EndGlobal
