
Microsoft Visual Studio Solution File, Format Version 12.00
# Visual Studio 2013
VisualStudioVersion = 12.0.30723.0
MinimumVisualStudioVersion = 10.0.40219.1
Project("{8BC9CEB8-8B4A-11D0-8D11-00A0C91BC942}") = "Stack with dynamic array", "Stack with dynamic array\Stack with dynamic array.vcxproj", "{79D888E8-DD62-4772-8643-B8E15375151D}"
EndProject
Project("{8BC9CEB8-8B4A-11D0-8D11-00A0C91BC942}") = "Stack with one link", "Stack with one link\Stack with one link.vcxproj", "{6BF4CC15-C817-4C2B-96C6-23A7C1E10AE1}"
EndProject
Project("{8BC9CEB8-8B4A-11D0-8D11-00A0C91BC942}") = "Pyramid", "Pyramid\Pyramid.vcxproj", "{15DD755E-9ABB-412F-A7A0-6F0517E73EF3}"
EndProject
Project("{8BC9CEB8-8B4A-11D0-8D11-00A0C91BC942}") = "Homework one", "Homework one\Homework one.vcxproj", "{7DC63DE8-D63E-4EE0-9B85-7051E335E1DD}"
EndProject
Project("{8BC9CEB8-8B4A-11D0-8D11-00A0C91BC942}") = "Tail with dynamic array", "Tail with dynamic array\Tail with dynamic array.vcxproj", "{EEE58863-F83C-45AD-ABA1-82C55EA2691D}"
EndProject
Project("{8BC9CEB8-8B4A-11D0-8D11-00A0C91BC942}") = "Tail with one link", "Tail with one link\Tail with one link.vcxproj", "{971EAA30-13FE-410E-839B-62766A6E37A0}"
EndProject
Project("{8BC9CEB8-8B4A-11D0-8D11-00A0C91BC942}") = "Testing", "Testing\Testing.vcxproj", "{181DB09C-0B8F-49ED-AF6E-A90DE01876D8}"
EndProject
Project("{8BC9CEB8-8B4A-11D0-8D11-00A0C91BC942}") = "List with two links", "List with two links\List with two links.vcxproj", "{457447D5-8D7F-4389-8F0D-D714E5067A88}"
EndProject
Global
	GlobalSection(SolutionConfigurationPlatforms) = preSolution
		Debug|Win32 = Debug|Win32
		Release|Win32 = Release|Win32
	EndGlobalSection
	GlobalSection(ProjectConfigurationPlatforms) = postSolution
		{79D888E8-DD62-4772-8643-B8E15375151D}.Debug|Win32.ActiveCfg = Debug|Win32
		{79D888E8-DD62-4772-8643-B8E15375151D}.Debug|Win32.Build.0 = Debug|Win32
		{79D888E8-DD62-4772-8643-B8E15375151D}.Release|Win32.ActiveCfg = Release|Win32
		{79D888E8-DD62-4772-8643-B8E15375151D}.Release|Win32.Build.0 = Release|Win32
		{6BF4CC15-C817-4C2B-96C6-23A7C1E10AE1}.Debug|Win32.ActiveCfg = Debug|Win32
		{6BF4CC15-C817-4C2B-96C6-23A7C1E10AE1}.Debug|Win32.Build.0 = Debug|Win32
		{6BF4CC15-C817-4C2B-96C6-23A7C1E10AE1}.Release|Win32.ActiveCfg = Release|Win32
		{6BF4CC15-C817-4C2B-96C6-23A7C1E10AE1}.Release|Win32.Build.0 = Release|Win32
		{15DD755E-9ABB-412F-A7A0-6F0517E73EF3}.Debug|Win32.ActiveCfg = Debug|Win32
		{15DD755E-9ABB-412F-A7A0-6F0517E73EF3}.Debug|Win32.Build.0 = Debug|Win32
		{15DD755E-9ABB-412F-A7A0-6F0517E73EF3}.Release|Win32.ActiveCfg = Release|Win32
		{15DD755E-9ABB-412F-A7A0-6F0517E73EF3}.Release|Win32.Build.0 = Release|Win32
		{7DC63DE8-D63E-4EE0-9B85-7051E335E1DD}.Debug|Win32.ActiveCfg = Debug|Win32
		{7DC63DE8-D63E-4EE0-9B85-7051E335E1DD}.Debug|Win32.Build.0 = Debug|Win32
		{7DC63DE8-D63E-4EE0-9B85-7051E335E1DD}.Release|Win32.ActiveCfg = Release|Win32
		{7DC63DE8-D63E-4EE0-9B85-7051E335E1DD}.Release|Win32.Build.0 = Release|Win32
		{EEE58863-F83C-45AD-ABA1-82C55EA2691D}.Debug|Win32.ActiveCfg = Debug|Win32
		{EEE58863-F83C-45AD-ABA1-82C55EA2691D}.Debug|Win32.Build.0 = Debug|Win32
		{EEE58863-F83C-45AD-ABA1-82C55EA2691D}.Release|Win32.ActiveCfg = Release|Win32
		{EEE58863-F83C-45AD-ABA1-82C55EA2691D}.Release|Win32.Build.0 = Release|Win32
		{971EAA30-13FE-410E-839B-62766A6E37A0}.Debug|Win32.ActiveCfg = Debug|Win32
		{971EAA30-13FE-410E-839B-62766A6E37A0}.Debug|Win32.Build.0 = Debug|Win32
		{971EAA30-13FE-410E-839B-62766A6E37A0}.Release|Win32.ActiveCfg = Release|Win32
		{971EAA30-13FE-410E-839B-62766A6E37A0}.Release|Win32.Build.0 = Release|Win32
		{181DB09C-0B8F-49ED-AF6E-A90DE01876D8}.Debug|Win32.ActiveCfg = Debug|Win32
		{181DB09C-0B8F-49ED-AF6E-A90DE01876D8}.Debug|Win32.Build.0 = Debug|Win32
		{181DB09C-0B8F-49ED-AF6E-A90DE01876D8}.Release|Win32.ActiveCfg = Release|Win32
		{181DB09C-0B8F-49ED-AF6E-A90DE01876D8}.Release|Win32.Build.0 = Release|Win32
		{457447D5-8D7F-4389-8F0D-D714E5067A88}.Debug|Win32.ActiveCfg = Debug|Win32
		{457447D5-8D7F-4389-8F0D-D714E5067A88}.Debug|Win32.Build.0 = Debug|Win32
		{457447D5-8D7F-4389-8F0D-D714E5067A88}.Release|Win32.ActiveCfg = Release|Win32
		{457447D5-8D7F-4389-8F0D-D714E5067A88}.Release|Win32.Build.0 = Release|Win32
	EndGlobalSection
	GlobalSection(SolutionProperties) = preSolution
		HideSolutionNode = FALSE
	EndGlobalSection
EndGlobal
