<?xml version="1.0" encoding="utf-8"?>
<Project ToolsVersion="4.0" xmlns="http://schemas.microsoft.com/developer/msbuild/2003">
  <ItemGroup>
    <ClCompile Include="Board.cpp" />
    <ClCompile Include="Cell.cpp" />
    <ClCompile Include="Source.cpp" />
    <ClCompile Include="AStar.cpp" />
    <ClCompile Include="Graph.cpp" />
    <ClCompile Include="Directions.cpp" />
    <ClCompile Include="String.cpp" />
    <ClCompile Include="Utility.cpp" />
    <ClCompile Include="CompressString.cpp" />
  </ItemGroup>
  <ItemGroup>
    <ClInclude Include="Board.h" />
    <ClInclude Include="Cell.h" />
    <ClInclude Include="Pair.h" />
    <ClInclude Include="AStar.h" />
    <ClInclude Include="Graph.h" />
    <ClInclude Include="Map_Char_pCell.h" />
    <ClInclude Include="Directions.h" />
    <ClInclude Include="String.h" />
    <ClInclude Include="Utility.h" />
    <ClInclude Include="CompressString.h" />
  </ItemGroup>
</Project>