
Microsoft Visual Studio Solution File, Format Version 12.00
# Visual Studio 2013
VisualStudioVersion = 12.0.30723.0
MinimumVisualStudioVersion = 10.0.40219.1
Project("{8BC9CEB8-8B4A-11D0-8D11-00A0C91BC942}") = "Skew heap", "Skew heap\Skew heap.vcxproj", "{363DD921-9C49-4569-A6F5-EEF18E52EABB}"
EndProject
Global
	GlobalSection(SolutionConfigurationPlatforms) = preSolution
		Debug|Win32 = Debug|Win32
		Release|Win32 = Release|Win32
	EndGlobalSection
	GlobalSection(ProjectConfigurationPlatforms) = postSolution
		{363DD921-9C49-4569-A6F5-EEF18E52EABB}.Debug|Win32.ActiveCfg = Debug|Win32
		{363DD921-9C49-4569-A6F5-EEF18E52EABB}.Debug|Win32.Build.0 = Debug|Win32
		{363DD921-9C49-4569-A6F5-EEF18E52EABB}.Release|Win32.ActiveCfg = Release|Win32
		{363DD921-9C49-4569-A6F5-EEF18E52EABB}.Release|Win32.Build.0 = Release|Win32
	EndGlobalSection
	GlobalSection(SolutionProperties) = preSolution
		HideSolutionNode = FALSE
	EndGlobalSection
EndGlobal
